// !$*UTF8*$!
{
	archiveVersion = 1;
	classes = {
	};
	objectVersion = 77;
	objects = {

/* Begin PBXBuildFile section */
		A71DCF2A2ED0F0FA00ABE565 /* Models in Frameworks */ = {isa = PBXBuildFile; productRef = A71DCF292ED0F0FA00ABE565 /* Models */; };
/* End PBXBuildFile section */

/* Begin PBXContainerItemProxy section */
		A71B51D52EB7C01400AD2F96 /* PBXContainerItemProxy */ = {
			isa = PBXContainerItemProxy;
			containerPortal = A71B51BF2EB7C01300AD2F96 /* Project object */;
			proxyType = 1;
			remoteGlobalIDString = A71B51C62EB7C01300AD2F96;
			remoteInfo = MiseTrack;
		};
		A71B51DF2EB7C01400AD2F96 /* PBXContainerItemProxy */ = {
			isa = PBXContainerItemProxy;
			containerPortal = A71B51BF2EB7C01300AD2F96 /* Project object */;
			proxyType = 1;
			remoteGlobalIDString = A71B51C62EB7C01300AD2F96;
			remoteInfo = MiseTrack;
		};
/* End PBXContainerItemProxy section */

/* Begin PBXFileReference section */
		A71B51C72EB7C01300AD2F96 /* MiseTrack.app */ = {isa = PBXFileReference; explicitFileType = wrapper.application; includeInIndex = 0; path = MiseTrack.app; sourceTree = BUILT_PRODUCTS_DIR; };
		A71B51D42EB7C01400AD2F96 /* MiseTrackTests.xctest */ = {isa = PBXFileReference; explicitFileType = wrapper.cfbundle; includeInIndex = 0; path = MiseTrackTests.xctest; sourceTree = BUILT_PRODUCTS_DIR; };
		A71B51DE2EB7C01400AD2F96 /* MiseTrackUITests.xctest */ = {isa = PBXFileReference; explicitFileType = wrapper.cfbundle; includeInIndex = 0; path = MiseTrackUITests.xctest; sourceTree = BUILT_PRODUCTS_DIR; };
/* End PBXFileReference section */

/* Begin PBXFileSystemSynchronizedBuildFileExceptionSet section */
		A71B52012EB7C76D00AD2F96 /* Exceptions for "MiseTrack" folder in "MiseTrackTests" target */ = {
			isa = PBXFileSystemSynchronizedBuildFileExceptionSet;
			membershipExceptions = (
				Recipes/RecipesView.swift,
				Sauces/SaucesView.swift,
			);
			target = A71B51D32EB7C01400AD2F96 /* MiseTrackTests */;
		};
		A71B52022EB7C76D00AD2F96 /* Exceptions for "MiseTrack" folder in "MiseTrackUITests" target */ = {
			isa = PBXFileSystemSynchronizedBuildFileExceptionSet;
			membershipExceptions = (
				Recipes/RecipesView.swift,
				Sauces/SaucesView.swift,
			);
			target = A71B51DD2EB7C01400AD2F96 /* MiseTrackUITests */;
		};
		A71DCF272ED0ECD400ABE565 /* Exceptions for "Packages" folder in "MiseTrack" target */ = {
			isa = PBXFileSystemSynchronizedBuildFileExceptionSet;
			membershipExceptions = (
				Base/Models,
				Infrastructure/SauceServices,
			);
			target = A71B51C62EB7C01300AD2F96 /* MiseTrack */;
		};
/* End PBXFileSystemSynchronizedBuildFileExceptionSet section */

/* Begin PBXFileSystemSynchronizedRootGroup section */
		A71B51C92EB7C01300AD2F96 /* MiseTrack */ = {
			isa = PBXFileSystemSynchronizedRootGroup;
			exceptions = (
				A71B52012EB7C76D00AD2F96 /* Exceptions for "MiseTrack" folder in "MiseTrackTests" target */,
				A71B52022EB7C76D00AD2F96 /* Exceptions for "MiseTrack" folder in "MiseTrackUITests" target */,
			);
			path = MiseTrack;
			sourceTree = "<group>";
		};
		A71B51D72EB7C01400AD2F96 /* MiseTrackTests */ = {
			isa = PBXFileSystemSynchronizedRootGroup;
			path = MiseTrackTests;
			sourceTree = "<group>";
		};
		A71B51E12EB7C01400AD2F96 /* MiseTrackUITests */ = {
			isa = PBXFileSystemSynchronizedRootGroup;
			path = MiseTrackUITests;
			sourceTree = "<group>";
		};
		A71DCF202ED0EB6F00ABE565 /* Packages */ = {
			isa = PBXFileSystemSynchronizedRootGroup;
			exceptions = (
				A71DCF272ED0ECD400ABE565 /* Exceptions for "Packages" folder in "MiseTrack" target */,
			);
			path = Packages;
			sourceTree = "<group>";
		};
/* End PBXFileSystemSynchronizedRootGroup section */

/* Begin PBXFrameworksBuildPhase section */
		A71B51C42EB7C01300AD2F96 /* Frameworks */ = {
			isa = PBXFrameworksBuildPhase;
			buildActionMask = 2147483647;
			files = (
				A71DCF2A2ED0F0FA00ABE565 /* Models in Frameworks */,
			);
			runOnlyForDeploymentPostprocessing = 0;
		};
		A71B51D12EB7C01400AD2F96 /* Frameworks */ = {
			isa = PBXFrameworksBuildPhase;
			buildActionMask = 2147483647;
			files = (
			);
			runOnlyForDeploymentPostprocessing = 0;
		};
		A71B51DB2EB7C01400AD2F96 /* Frameworks */ = {
			isa = PBXFrameworksBuildPhase;
			buildActionMask = 2147483647;
			files = (
			);
			runOnlyForDeploymentPostprocessing = 0;
		};
/* End PBXFrameworksBuildPhase section */

/* Begin PBXGroup section */
		A71B51BE2EB7C01300AD2F96 = {
			isa = PBXGroup;
			children = (
				A71DCF202ED0EB6F00ABE565 /* Packages */,
				A71B51C92EB7C01300AD2F96 /* MiseTrack */,
				A71B51D72EB7C01400AD2F96 /* MiseTrackTests */,
				A71B51E12EB7C01400AD2F96 /* MiseTrackUITests */,
				A71DCF282ED0F0FA00ABE565 /* Frameworks */,
				A71B51C82EB7C01300AD2F96 /* Products */,
			);
			sourceTree = "<group>";
		};
		A71B51C82EB7C01300AD2F96 /* Products */ = {
			isa = PBXGroup;
			children = (
				A71B51C72EB7C01300AD2F96 /* MiseTrack.app */,
				A71B51D42EB7C01400AD2F96 /* MiseTrackTests.xctest */,
				A71B51DE2EB7C01400AD2F96 /* MiseTrackUITests.xctest */,
			);
			name = Products;
			sourceTree = "<group>";
		};
		A71DCF282ED0F0FA00ABE565 /* Frameworks */ = {
			isa = PBXGroup;
			children = (
			);
			name = Frameworks;
			sourceTree = "<group>";
		};
/* End PBXGroup section */

/* Begin PBXNativeTarget section */
		A71B51C62EB7C01300AD2F96 /* MiseTrack */ = {
			isa = PBXNativeTarget;
			buildConfigurationList = A71B51E82EB7C01400AD2F96 /* Build configuration list for PBXNativeTarget "MiseTrack" */;
			buildPhases = (
				A71B51C32EB7C01300AD2F96 /* Sources */,
				A71B51C42EB7C01300AD2F96 /* Frameworks */,
				A71B51C52EB7C01300AD2F96 /* Resources */,
			);
			buildRules = (
			);
			dependencies = (
			);
			fileSystemSynchronizedGroups = (
				A71B51C92EB7C01300AD2F96 /* MiseTrack */,
				A71DCF202ED0EB6F00ABE565 /* Packages */,
			);
			name = MiseTrack;
			packageProductDependencies = (
				A71DCF292ED0F0FA00ABE565 /* Models */,
			);
			productName = MiseTrack;
			productReference = A71B51C72EB7C01300AD2F96 /* MiseTrack.app */;
			productType = "com.apple.product-type.application";
		};
		A71B51D32EB7C01400AD2F96 /* MiseTrackTests */ = {
			isa = PBXNativeTarget;
			buildConfigurationList = A71B51EB2EB7C01400AD2F96 /* Build configuration list for PBXNativeTarget "MiseTrackTests" */;
			buildPhases = (
				A71B51D02EB7C01400AD2F96 /* Sources */,
				A71B51D12EB7C01400AD2F96 /* Frameworks */,
				A71B51D22EB7C01400AD2F96 /* Resources */,
			);
			buildRules = (
			);
			dependencies = (
				A71B51D62EB7C01400AD2F96 /* PBXTargetDependency */,
			);
			fileSystemSynchronizedGroups = (
				A71B51D72EB7C01400AD2F96 /* MiseTrackTests */,
			);
			name = MiseTrackTests;
			packageProductDependencies = (
			);
			productName = MiseTrackTests;
			productReference = A71B51D42EB7C01400AD2F96 /* MiseTrackTests.xctest */;
			productType = "com.apple.product-type.bundle.unit-test";
		};
		A71B51DD2EB7C01400AD2F96 /* MiseTrackUITests */ = {
			isa = PBXNativeTarget;
			buildConfigurationList = A71B51EE2EB7C01400AD2F96 /* Build configuration list for PBXNativeTarget "MiseTrackUITests" */;
			buildPhases = (
				A71B51DA2EB7C01400AD2F96 /* Sources */,
				A71B51DB2EB7C01400AD2F96 /* Frameworks */,
				A71B51DC2EB7C01400AD2F96 /* Resources */,
			);
			buildRules = (
			);
			dependencies = (
				A71B51E02EB7C01400AD2F96 /* PBXTargetDependency */,
			);
			fileSystemSynchronizedGroups = (
				A71B51E12EB7C01400AD2F96 /* MiseTrackUITests */,
			);
			name = MiseTrackUITests;
			packageProductDependencies = (
			);
			productName = MiseTrackUITests;
			productReference = A71B51DE2EB7C01400AD2F96 /* MiseTrackUITests.xctest */;
			productType = "com.apple.product-type.bundle.ui-testing";
		};
/* End PBXNativeTarget section */

/* Begin PBXProject section */
		A71B51BF2EB7C01300AD2F96 /* Project object */ = {
			isa = PBXProject;
			attributes = {
				BuildIndependentTargetsInParallel = 1;
				LastSwiftUpdateCheck = 1630;
				LastUpgradeCheck = 1630;
				TargetAttributes = {
					A71B51C62EB7C01300AD2F96 = {
						CreatedOnToolsVersion = 16.3;
					};
					A71B51D32EB7C01400AD2F96 = {
						CreatedOnToolsVersion = 16.3;
						TestTargetID = A71B51C62EB7C01300AD2F96;
					};
					A71B51DD2EB7C01400AD2F96 = {
						CreatedOnToolsVersion = 16.3;
						TestTargetID = A71B51C62EB7C01300AD2F96;
					};
				};
			};
			buildConfigurationList = A71B51C22EB7C01300AD2F96 /* Build configuration list for PBXProject "MiseTrack" */;
			developmentRegion = en;
			hasScannedForEncodings = 0;
			knownRegions = (
				en,
				Base,
			);
			mainGroup = A71B51BE2EB7C01300AD2F96;
			minimizedProjectReferenceProxies = 1;
			packageReferences = (
			);
			preferredProjectObjectVersion = 77;
			productRefGroup = A71B51C82EB7C01300AD2F96 /* Products */;
			projectDirPath = "";
			projectRoot = "";
			targets = (
				A71B51C62EB7C01300AD2F96 /* MiseTrack */,
				A71B51D32EB7C01400AD2F96 /* MiseTrackTests */,
				A71B51DD2EB7C01400AD2F96 /* MiseTrackUITests */,
			);
		};
/* End PBXProject section */

/* Begin PBXResourcesBuildPhase section */
		A71B51C52EB7C01300AD2F96 /* Resources */ = {
			isa = PBXResourcesBuildPhase;
			buildActionMask = 2147483647;
			files = (
			);
			runOnlyForDeploymentPostprocessing = 0;
		};
		A71B51D22EB7C01400AD2F96 /* Resources */ = {
			isa = PBXResourcesBuildPhase;
			buildActionMask = 2147483647;
			files = (
			);
			runOnlyForDeploymentPostprocessing = 0;
		};
		A71B51DC2EB7C01400AD2F96 /* Resources */ = {
			isa = PBXResourcesBuildPhase;
			buildActionMask = 2147483647;
			files = (
			);
			runOnlyForDeploymentPostprocessing = 0;
		};
/* End PBXResourcesBuildPhase section */

/* Begin PBXSourcesBuildPhase section */
		A71B51C32EB7C01300AD2F96 /* Sources */ = {
			isa = PBXSourcesBuildPhase;
			buildActionMask = 2147483647;
			files = (
			);
			runOnlyForDeploymentPostprocessing = 0;
		};
		A71B51D02EB7C01400AD2F96 /* Sources */ = {
			isa = PBXSourcesBuildPhase;
			buildActionMask = 2147483647;
			files = (
			);
			runOnlyForDeploymentPostprocessing = 0;
		};
		A71B51DA2EB7C01400AD2F96 /* Sources */ = {
			isa = PBXSourcesBuildPhase;
			buildActionMask = 2147483647;
			files = (
			);
			runOnlyForDeploymentPostprocessing = 0;
		};
/* End PBXSourcesBuildPhase section */

/* Begin PBXTargetDependency section */
		A71B51D62EB7C01400AD2F96 /* PBXTargetDependency */ = {
			isa = PBXTargetDependency;
			target = A71B51C62EB7C01300AD2F96 /* MiseTrack */;
			targetProxy = A71B51D52EB7C01400AD2F96 /* PBXContainerItemProxy */;
		};
		A71B51E02EB7C01400AD2F96 /* PBXTargetDependency */ = {
			isa = PBXTargetDependency;
			target = A71B51C62EB7C01300AD2F96 /* MiseTrack */;
			targetProxy = A71B51DF2EB7C01400AD2F96 /* PBXContainerItemProxy */;
		};
/* End PBXTargetDependency section */

/* Begin XCBuildConfiguration section */
		A71B51E62EB7C01400AD2F96 /* Debug */ = {
			isa = XCBuildConfiguration;
			buildSettings = {
				ALWAYS_SEARCH_USER_PATHS = NO;
				ASSETCATALOG_COMPILER_GENERATE_SWIFT_ASSET_SYMBOL_EXTENSIONS = YES;
				CLANG_ANALYZER_NONNULL = YES;
				CLANG_ANALYZER_NUMBER_OBJECT_CONVERSION = YES_AGGRESSIVE;
				CLANG_CXX_LANGUAGE_STANDARD = "gnu++20";
				CLANG_ENABLE_MODULES = YES;
				CLANG_ENABLE_OBJC_ARC = YES;
				CLANG_ENABLE_OBJC_WEAK = YES;
				CLANG_WARN_BLOCK_CAPTURE_AUTORELEASING = YES;
				CLANG_WARN_BOOL_CONVERSION = YES;
				CLANG_WARN_COMMA = YES;
				CLANG_WARN_CONSTANT_CONVERSION = YES;
				CLANG_WARN_DEPRECATED_OBJC_IMPLEMENTATIONS = YES;
				CLANG_WARN_DIRECT_OBJC_ISA_USAGE = YES_ERROR;
				CLANG_WARN_DOCUMENTATION_COMMENTS = YES;
				CLANG_WARN_EMPTY_BODY = YES;
				CLANG_WARN_ENUM_CONVERSION = YES;
				CLANG_WARN_INFINITE_RECURSION = YES;
				CLANG_WARN_INT_CONVERSION = YES;
				CLANG_WARN_NON_LITERAL_NULL_CONVERSION = YES;
				CLANG_WARN_OBJC_IMPLICIT_RETAIN_SELF = YES;
				CLANG_WARN_OBJC_LITERAL_CONVERSION = YES;
				CLANG_WARN_OBJC_ROOT_CLASS = YES_ERROR;
				CLANG_WARN_QUOTED_INCLUDE_IN_FRAMEWORK_HEADER = YES;
				CLANG_WARN_RANGE_LOOP_ANALYSIS = YES;
				CLANG_WARN_STRICT_PROTOTYPES = YES;
				CLANG_WARN_SUSPICIOUS_MOVE = YES;
				CLANG_WARN_UNGUARDED_AVAILABILITY = YES_AGGRESSIVE;
				CLANG_WARN_UNREACHABLE_CODE = YES;
				CLANG_WARN__DUPLICATE_METHOD_MATCH = YES;
				COPY_PHASE_STRIP = NO;
				DEBUG_INFORMATION_FORMAT = dwarf;
				DEVELOPMENT_TEAM = KQUSQL2ADY;
				ENABLE_STRICT_OBJC_MSGSEND = YES;
				ENABLE_TESTABILITY = YES;
				ENABLE_USER_SCRIPT_SANDBOXING = YES;
				GCC_C_LANGUAGE_STANDARD = gnu17;
				GCC_DYNAMIC_NO_PIC = NO;
				GCC_NO_COMMON_BLOCKS = YES;
				GCC_OPTIMIZATION_LEVEL = 0;
				GCC_PREPROCESSOR_DEFINITIONS = (
					"DEBUG=1",
					"$(inherited)",
				);
				GCC_WARN_64_TO_32_BIT_CONVERSION = YES;
				GCC_WARN_ABOUT_RETURN_TYPE = YES_ERROR;
				GCC_WARN_UNDECLARED_SELECTOR = YES;
				GCC_WARN_UNINITIALIZED_AUTOS = YES_AGGRESSIVE;
				GCC_WARN_UNUSED_FUNCTION = YES;
				GCC_WARN_UNUSED_VARIABLE = YES;
				IPHONEOS_DEPLOYMENT_TARGET = 18.4;
				LOCALIZATION_PREFERS_STRING_CATALOGS = YES;
				MTL_ENABLE_DEBUG_INFO = INCLUDE_SOURCE;
				MTL_FAST_MATH = YES;
				ONLY_ACTIVE_ARCH = YES;
				SDKROOT = iphoneos;
				SWIFT_ACTIVE_COMPILATION_CONDITIONS = "DEBUG $(inherited)";
				SWIFT_OPTIMIZATION_LEVEL = "-Onone";
				SWIFT_VERSION = 6.0;
			};
			name = Debug;
		};
		A71B51E72EB7C01400AD2F96 /* Release */ = {
			isa = XCBuildConfiguration;
			buildSettings = {
				ALWAYS_SEARCH_USER_PATHS = NO;
				ASSETCATALOG_COMPILER_GENERATE_SWIFT_ASSET_SYMBOL_EXTENSIONS = YES;
				CLANG_ANALYZER_NONNULL = YES;
				CLANG_ANALYZER_NUMBER_OBJECT_CONVERSION = YES_AGGRESSIVE;
				CLANG_CXX_LANGUAGE_STANDARD = "gnu++20";
				CLANG_ENABLE_MODULES = YES;
				CLANG_ENABLE_OBJC_ARC = YES;
				CLANG_ENABLE_OBJC_WEAK = YES;
				CLANG_WARN_BLOCK_CAPTURE_AUTORELEASING = YES;
				CLANG_WARN_BOOL_CONVERSION = YES;
				CLANG_WARN_COMMA = YES;
				CLANG_WARN_CONSTANT_CONVERSION = YES;
				CLANG_WARN_DEPRECATED_OBJC_IMPLEMENTATIONS = YES;
				CLANG_WARN_DIRECT_OBJC_ISA_USAGE = YES_ERROR;
				CLANG_WARN_DOCUMENTATION_COMMENTS = YES;
				CLANG_WARN_EMPTY_BODY = YES;
				CLANG_WARN_ENUM_CONVERSION = YES;
				CLANG_WARN_INFINITE_RECURSION = YES;
				CLANG_WARN_INT_CONVERSION = YES;
				CLANG_WARN_NON_LITERAL_NULL_CONVERSION = YES;
				CLANG_WARN_OBJC_IMPLICIT_RETAIN_SELF = YES;
				CLANG_WARN_OBJC_LITERAL_CONVERSION = YES;
				CLANG_WARN_OBJC_ROOT_CLASS = YES_ERROR;
				CLANG_WARN_QUOTED_INCLUDE_IN_FRAMEWORK_HEADER = YES;
				CLANG_WARN_RANGE_LOOP_ANALYSIS = YES;
				CLANG_WARN_STRICT_PROTOTYPES = YES;
				CLANG_WARN_SUSPICIOUS_MOVE = YES;
				CLANG_WARN_UNGUARDED_AVAILABILITY = YES_AGGRESSIVE;
				CLANG_WARN_UNREACHABLE_CODE = YES;
				CLANG_WARN__DUPLICATE_METHOD_MATCH = YES;
				COPY_PHASE_STRIP = NO;
				DEBUG_INFORMATION_FORMAT = "dwarf-with-dsym";
				DEVELOPMENT_TEAM = KQUSQL2ADY;
				ENABLE_NS_ASSERTIONS = NO;
				ENABLE_STRICT_OBJC_MSGSEND = YES;
				ENABLE_USER_SCRIPT_SANDBOXING = YES;
				GCC_C_LANGUAGE_STANDARD = gnu17;
				GCC_NO_COMMON_BLOCKS = YES;
				GCC_WARN_64_TO_32_BIT_CONVERSION = YES;
				GCC_WARN_ABOUT_RETURN_TYPE = YES_ERROR;
				GCC_WARN_UNDECLARED_SELECTOR = YES;
				GCC_WARN_UNINITIALIZED_AUTOS = YES_AGGRESSIVE;
				GCC_WARN_UNUSED_FUNCTION = YES;
				GCC_WARN_UNUSED_VARIABLE = YES;
				IPHONEOS_DEPLOYMENT_TARGET = 18.4;
				LOCALIZATION_PREFERS_STRING_CATALOGS = YES;
				MTL_ENABLE_DEBUG_INFO = NO;
				MTL_FAST_MATH = YES;
				SDKROOT = iphoneos;
				SWIFT_COMPILATION_MODE = wholemodule;
				SWIFT_VERSION = 6.0;
				VALIDATE_PRODUCT = YES;
			};
			name = Release;
		};
		A71B51E92EB7C01400AD2F96 /* Debug */ = {
			isa = XCBuildConfiguration;
			buildSettings = {
				ASSETCATALOG_COMPILER_APPICON_NAME = AppIcon;
				ASSETCATALOG_COMPILER_GLOBAL_ACCENT_COLOR_NAME = AccentColor;
				CODE_SIGN_STYLE = Automatic;
				CURRENT_PROJECT_VERSION = 1;
				DEVELOPMENT_TEAM = KQUSQL2ADY;
				ENABLE_PREVIEWS = YES;
				GENERATE_INFOPLIST_FILE = YES;
				INFOPLIST_KEY_LSApplicationCategoryType = "public.app-category.productivity";
				INFOPLIST_KEY_UIApplicationSceneManifest_Generation = YES;
				INFOPLIST_KEY_UIApplicationSupportsIndirectInputEvents = YES;
				INFOPLIST_KEY_UILaunchScreen_Generation = YES;
				INFOPLIST_KEY_UISupportedInterfaceOrientations_iPad = "UIInterfaceOrientationPortrait UIInterfaceOrientationPortraitUpsideDown UIInterfaceOrientationLandscapeLeft UIInterfaceOrientationLandscapeRight";
				INFOPLIST_KEY_UISupportedInterfaceOrientations_iPhone = "UIInterfaceOrientationPortrait UIInterfaceOrientationLandscapeLeft UIInterfaceOrientationLandscapeRight";
				LD_RUNPATH_SEARCH_PATHS = (
					"$(inherited)",
					"@executable_path/Frameworks",
				);
				MARKETING_VERSION = 1.0;
				PRODUCT_BUNDLE_IDENTIFIER = com.onebitforge.MiseTrack;
				PRODUCT_NAME = "$(TARGET_NAME)";
				SWIFT_EMIT_LOC_STRINGS = YES;
				SWIFT_VERSION = 6.0;
				TARGETED_DEVICE_FAMILY = "1,2";
			};
			name = Debug;
		};
		A71B51EA2EB7C01400AD2F96 /* Release */ = {
			isa = XCBuildConfiguration;
			buildSettings = {
				ASSETCATALOG_COMPILER_APPICON_NAME = AppIcon;
				ASSETCATALOG_COMPILER_GLOBAL_ACCENT_COLOR_NAME = AccentColor;
				CODE_SIGN_STYLE = Automatic;
				CURRENT_PROJECT_VERSION = 1;
				DEVELOPMENT_TEAM = KQUSQL2ADY;
				ENABLE_PREVIEWS = YES;
				GENERATE_INFOPLIST_FILE = YES;
				INFOPLIST_KEY_LSApplicationCategoryType = "public.app-category.productivity";
				INFOPLIST_KEY_UIApplicationSceneManifest_Generation = YES;
				INFOPLIST_KEY_UIApplicationSupportsIndirectInputEvents = YES;
				INFOPLIST_KEY_UILaunchScreen_Generation = YES;
				INFOPLIST_KEY_UISupportedInterfaceOrientations_iPad = "UIInterfaceOrientationPortrait UIInterfaceOrientationPortraitUpsideDown UIInterfaceOrientationLandscapeLeft UIInterfaceOrientationLandscapeRight";
				INFOPLIST_KEY_UISupportedInterfaceOrientations_iPhone = "UIInterfaceOrientationPortrait UIInterfaceOrientationLandscapeLeft UIInterfaceOrientationLandscapeRight";
				LD_RUNPATH_SEARCH_PATHS = (
					"$(inherited)",
					"@executable_path/Frameworks",
				);
				MARKETING_VERSION = 1.0;
				PRODUCT_BUNDLE_IDENTIFIER = com.onebitforge.MiseTrack;
				PRODUCT_NAME = "$(TARGET_NAME)";
				SWIFT_EMIT_LOC_STRINGS = YES;
				SWIFT_VERSION = 6.0;
				TARGETED_DEVICE_FAMILY = "1,2";
			};
			name = Release;
		};
		A71B51EC2EB7C01400AD2F96 /* Debug */ = {
			isa = XCBuildConfiguration;
			buildSettings = {
				BUNDLE_LOADER = "$(TEST_HOST)";
				CODE_SIGN_STYLE = Automatic;
				CURRENT_PROJECT_VERSION = 1;
				DEVELOPMENT_TEAM = KQUSQL2ADY;
				GENERATE_INFOPLIST_FILE = YES;
				IPHONEOS_DEPLOYMENT_TARGET = 18.4;
				MARKETING_VERSION = 1.0;
				PRODUCT_BUNDLE_IDENTIFIER = com.onebitforge.MiseTrackTests;
				PRODUCT_NAME = "$(TARGET_NAME)";
				SWIFT_EMIT_LOC_STRINGS = NO;
				SWIFT_VERSION = 5.0;
				TARGETED_DEVICE_FAMILY = "1,2";
				TEST_HOST = "$(BUILT_PRODUCTS_DIR)/MiseTrack.app/$(BUNDLE_EXECUTABLE_FOLDER_PATH)/MiseTrack";
			};
			name = Debug;
		};
		A71B51ED2EB7C01400AD2F96 /* Release */ = {
			isa = XCBuildConfiguration;
			buildSettings = {
				BUNDLE_LOADER = "$(TEST_HOST)";
				CODE_SIGN_STYLE = Automatic;
				CURRENT_PROJECT_VERSION = 1;
				DEVELOPMENT_TEAM = KQUSQL2ADY;
				GENERATE_INFOPLIST_FILE = YES;
				IPHONEOS_DEPLOYMENT_TARGET = 18.4;
				MARKETING_VERSION = 1.0;
				PRODUCT_BUNDLE_IDENTIFIER = com.onebitforge.MiseTrackTests;
				PRODUCT_NAME = "$(TARGET_NAME)";
				SWIFT_EMIT_LOC_STRINGS = NO;
				SWIFT_VERSION = 5.0;
				TARGETED_DEVICE_FAMILY = "1,2";
				TEST_HOST = "$(BUILT_PRODUCTS_DIR)/MiseTrack.app/$(BUNDLE_EXECUTABLE_FOLDER_PATH)/MiseTrack";
			};
			name = Release;
		};
		A71B51EF2EB7C01400AD2F96 /* Debug */ = {
			isa = XCBuildConfiguration;
			buildSettings = {
				CODE_SIGN_STYLE = Automatic;
				CURRENT_PROJECT_VERSION = 1;
				DEVELOPMENT_TEAM = KQUSQL2ADY;
				GENERATE_INFOPLIST_FILE = YES;
				MARKETING_VERSION = 1.0;
				PRODUCT_BUNDLE_IDENTIFIER = com.onebitforge.MiseTrackUITests;
				PRODUCT_NAME = "$(TARGET_NAME)";
				SWIFT_EMIT_LOC_STRINGS = NO;
				SWIFT_VERSION = 5.0;
				TARGETED_DEVICE_FAMILY = "1,2";
				TEST_TARGET_NAME = MiseTrack;
			};
			name = Debug;
		};
		A71B51F02EB7C01400AD2F96 /* Release */ = {
			isa = XCBuildConfiguration;
			buildSettings = {
				CODE_SIGN_STYLE = Automatic;
				CURRENT_PROJECT_VERSION = 1;
				DEVELOPMENT_TEAM = KQUSQL2ADY;
				GENERATE_INFOPLIST_FILE = YES;
				MARKETING_VERSION = 1.0;
				PRODUCT_BUNDLE_IDENTIFIER = com.onebitforge.MiseTrackUITests;
				PRODUCT_NAME = "$(TARGET_NAME)";
				SWIFT_EMIT_LOC_STRINGS = NO;
				SWIFT_VERSION = 5.0;
				TARGETED_DEVICE_FAMILY = "1,2";
				TEST_TARGET_NAME = MiseTrack;
			};
			name = Release;
		};
/* End XCBuildConfiguration section */

/* Begin XCConfigurationList section */
		A71B51C22EB7C01300AD2F96 /* Build configuration list for PBXProject "MiseTrack" */ = {
			isa = XCConfigurationList;
			buildConfigurations = (
				A71B51E62EB7C01400AD2F96 /* Debug */,
				A71B51E72EB7C01400AD2F96 /* Release */,
			);
			defaultConfigurationIsVisible = 0;
			defaultConfigurationName = Release;
		};
		A71B51E82EB7C01400AD2F96 /* Build configuration list for PBXNativeTarget "MiseTrack" */ = {
			isa = XCConfigurationList;
			buildConfigurations = (
				A71B51E92EB7C01400AD2F96 /* Debug */,
				A71B51EA2EB7C01400AD2F96 /* Release */,
			);
			defaultConfigurationIsVisible = 0;
			defaultConfigurationName = Release;
		};
		A71B51EB2EB7C01400AD2F96 /* Build configuration list for PBXNativeTarget "MiseTrackTests" */ = {
			isa = XCConfigurationList;
			buildConfigurations = (
				A71B51EC2EB7C01400AD2F96 /* Debug */,
				A71B51ED2EB7C01400AD2F96 /* Release */,
			);
			defaultConfigurationIsVisible = 0;
			defaultConfigurationName = Release;
		};
		A71B51EE2EB7C01400AD2F96 /* Build configuration list for PBXNativeTarget "MiseTrackUITests" */ = {
			isa = XCConfigurationList;
			buildConfigurations = (
				A71B51EF2EB7C01400AD2F96 /* Debug */,
				A71B51F02EB7C01400AD2F96 /* Release */,
			);
			defaultConfigurationIsVisible = 0;
			defaultConfigurationName = Release;
		};
/* End XCConfigurationList section */

/* Begin XCSwiftPackageProductDependency section */
		A71DCF292ED0F0FA00ABE565 /* Models */ = {
			isa = XCSwiftPackageProductDependency;
			productName = Models;
		};
/* End XCSwiftPackageProductDependency section */
	};
	rootObject = A71B51BF2EB7C01300AD2F96 /* Project object */;
}
